
Microsoft Visual Studio Solution File, Format Version 12.00
# Visual Studio Version 17
VisualStudioVersion = 17.7.34221.43
MinimumVisualStudioVersion = 10.0.40219.1
Project("{FAE04EC0-301F-11D3-BF4B-00C04F79EFBC}") = "Esercizio27", "Esercizio27.csproj", "{C6AF104D-FBCF-4408-AB7B-2A41DB88307B}"
EndProject
Global
	GlobalSection(SolutionConfigurationPlatforms) = preSolution
		Debug|Any CPU = Debug|Any CPU
		Release|Any CPU = Release|Any CPU
	EndGlobalSection
	GlobalSection(ProjectConfigurationPlatforms) = postSolution
		{C6AF104D-FBCF-4408-AB7B-2A41DB88307B}.Debug|Any CPU.ActiveCfg = Debug|Any CPU
		{C6AF104D-FBCF-4408-AB7B-2A41DB88307B}.Debug|Any CPU.Build.0 = Debug|Any CPU
		{C6AF104D-FBCF-4408-AB7B-2A41DB88307B}.Release|Any CPU.ActiveCfg = Release|Any CPU
		{C6AF104D-FBCF-4408-AB7B-2A41DB88307B}.Release|Any CPU.Build.0 = Release|Any CPU
	EndGlobalSection
	GlobalSection(SolutionProperties) = preSolution
		HideSolutionNode = FALSE
	EndGlobalSection
	GlobalSection(ExtensibilityGlobals) = postSolution
		SolutionGuid = {AF97ACEF-63C8-4438-975C-B365F6AA8AA5}
	EndGlobalSection
EndGlobal
