
Microsoft Visual Studio Solution File, Format Version 12.00
# Visual Studio Version 17
VisualStudioVersion = 17.8.34316.72
MinimumVisualStudioVersion = 10.0.40219.1
Project("{9A19103F-16F7-4668-BE54-9A1E7A4F7556}") = "Esercizio32", "Esercizio32.csproj", "{094D5335-C888-4972-9251-38C455468E99}"
EndProject
Project("{FAE04EC0-301F-11D3-BF4B-00C04F79EFBC}") = "Esercizio32.Tests", "..\Esercizio32.Tests\Esercizio32.Tests.csproj", "{FEFC5C4B-EC1F-43B7-80A4-67B6C6E2E135}"
EndProject
Global
	GlobalSection(SolutionConfigurationPlatforms) = preSolution
		Debug|Any CPU = Debug|Any CPU
		Release|Any CPU = Release|Any CPU
	EndGlobalSection
	GlobalSection(ProjectConfigurationPlatforms) = postSolution
		{094D5335-C888-4972-9251-38C455468E99}.Debug|Any CPU.ActiveCfg = Debug|Any CPU
		{094D5335-C888-4972-9251-38C455468E99}.Debug|Any CPU.Build.0 = Debug|Any CPU
		{094D5335-C888-4972-9251-38C455468E99}.Release|Any CPU.ActiveCfg = Release|Any CPU
		{094D5335-C888-4972-9251-38C455468E99}.Release|Any CPU.Build.0 = Release|Any CPU
		{FEFC5C4B-EC1F-43B7-80A4-67B6C6E2E135}.Debug|Any CPU.ActiveCfg = Debug|Any CPU
		{FEFC5C4B-EC1F-43B7-80A4-67B6C6E2E135}.Debug|Any CPU.Build.0 = Debug|Any CPU
		{FEFC5C4B-EC1F-43B7-80A4-67B6C6E2E135}.Release|Any CPU.ActiveCfg = Release|Any CPU
		{FEFC5C4B-EC1F-43B7-80A4-67B6C6E2E135}.Release|Any CPU.Build.0 = Release|Any CPU
	EndGlobalSection
	GlobalSection(SolutionProperties) = preSolution
		HideSolutionNode = FALSE
	EndGlobalSection
	GlobalSection(ExtensibilityGlobals) = postSolution
		SolutionGuid = {FF023CE1-1551-487C-91CA-AD07303D8C6F}
	EndGlobalSection
EndGlobal
