
Microsoft Visual Studio Solution File, Format Version 12.00
# Visual Studio Version 17
VisualStudioVersion = 17.7.34221.43
MinimumVisualStudioVersion = 10.0.40219.1
Project("{FAE04EC0-301F-11D3-BF4B-00C04F79EFBC}") = "Esercizio3", "Esercizio3.csproj", "{F922984F-9871-484F-B57B-62FEF3DF190E}"
EndProject
Global
	GlobalSection(SolutionConfigurationPlatforms) = preSolution
		Debug|Any CPU = Debug|Any CPU
		Release|Any CPU = Release|Any CPU
	EndGlobalSection
	GlobalSection(ProjectConfigurationPlatforms) = postSolution
		{F922984F-9871-484F-B57B-62FEF3DF190E}.Debug|Any CPU.ActiveCfg = Debug|Any CPU
		{F922984F-9871-484F-B57B-62FEF3DF190E}.Debug|Any CPU.Build.0 = Debug|Any CPU
		{F922984F-9871-484F-B57B-62FEF3DF190E}.Release|Any CPU.ActiveCfg = Release|Any CPU
		{F922984F-9871-484F-B57B-62FEF3DF190E}.Release|Any CPU.Build.0 = Release|Any CPU
	EndGlobalSection
	GlobalSection(SolutionProperties) = preSolution
		HideSolutionNode = FALSE
	EndGlobalSection
	GlobalSection(ExtensibilityGlobals) = postSolution
		SolutionGuid = {0EDC09B0-0D76-497B-912D-48E63C9CA10B}
	EndGlobalSection
EndGlobal
